
Microsoft Visual Studio Solution File, Format Version 12.00
# Visual Studio Version 17
VisualStudioVersion = 17.0.32014.148
MinimumVisualStudioVersion = 10.0.40219.1
Project("{8BC9CEB8-8B4A-11D0-8D11-00A0C91BC942}") = "DX12_BetterSimpleBox", "DX12_BetterSimpleBox.vcxproj", "{8C7CF7C3-7386-478F-8022-496C4599DCBB}"
EndProject
Global
	GlobalSection(SolutionConfigurationPlatforms) = preSolution
		Debug|x64 = Debug|x64
		Debug|x86 = Debug|x86
		Release|x64 = Release|x64
		Release|x86 = Release|x86
	EndGlobalSection
	GlobalSection(ProjectConfigurationPlatforms) = postSolution
		{8C7CF7C3-7386-478F-8022-496C4599DCBB}.Debug|x64.ActiveCfg = Debug|x64
		{8C7CF7C3-7386-478F-8022-496C4599DCBB}.Debug|x64.Build.0 = Debug|x64
		{8C7CF7C3-7386-478F-8022-496C4599DCBB}.Debug|x86.ActiveCfg = Debug|Win32
		{8C7CF7C3-7386-478F-8022-496C4599DCBB}.Debug|x86.Build.0 = Debug|Win32
		{8C7CF7C3-7386-478F-8022-496C4599DCBB}.Release|x64.ActiveCfg = Release|x64
		{8C7CF7C3-7386-478F-8022-496C4599DCBB}.Release|x64.Build.0 = Release|x64
		{8C7CF7C3-7386-478F-8022-496C4599DCBB}.Release|x86.ActiveCfg = Release|Win32
		{8C7CF7C3-7386-478F-8022-496C4599DCBB}.Release|x86.Build.0 = Release|Win32
	EndGlobalSection
	GlobalSection(SolutionProperties) = preSolution
		HideSolutionNode = FALSE
	EndGlobalSection
	GlobalSection(ExtensibilityGlobals) = postSolution
		SolutionGuid = {BFF164B8-5C02-46E9-B2D6-DCB730393263}
	EndGlobalSection
EndGlobal
